
Microsoft Visual Studio Solution File, Format Version 12.00
# Visual Studio 15
VisualStudioVersion = 15.0.28307.705
MinimumVisualStudioVersion = 10.0.40219.1
Project("{FAE04EC0-301F-11D3-BF4B-00C04F79EFBC}") = "SzkolenieCoders1", "SzkolenieCoders1\SzkolenieCoders1.csproj", "{86D49DDE-CA01-4F43-9C3D-0935B78033AB}"
EndProject
Global
	GlobalSection(SolutionConfigurationPlatforms) = preSolution
		Debug|Any CPU = Debug|Any CPU
		Release|Any CPU = Release|Any CPU
	EndGlobalSection
	GlobalSection(ProjectConfigurationPlatforms) = postSolution
		{86D49DDE-CA01-4F43-9C3D-0935B78033AB}.Debug|Any CPU.ActiveCfg = Debug|Any CPU
		{86D49DDE-CA01-4F43-9C3D-0935B78033AB}.Debug|Any CPU.Build.0 = Debug|Any CPU
		{86D49DDE-CA01-4F43-9C3D-0935B78033AB}.Release|Any CPU.ActiveCfg = Release|Any CPU
		{86D49DDE-CA01-4F43-9C3D-0935B78033AB}.Release|Any CPU.Build.0 = Release|Any CPU
	EndGlobalSection
	GlobalSection(SolutionProperties) = preSolution
		HideSolutionNode = FALSE
	EndGlobalSection
	GlobalSection(ExtensibilityGlobals) = postSolution
		SolutionGuid = {5FC0E0BA-3980-4145-AFC4-D48A22D30F5A}
	EndGlobalSection
EndGlobal
