
Microsoft Visual Studio Solution File, Format Version 12.00
# Visual Studio 15
VisualStudioVersion = 15.0.28307.705
MinimumVisualStudioVersion = 10.0.40219.1
Project("{FAE04EC0-301F-11D3-BF4B-00C04F79EFBC}") = "TestyAutoSzkolenie", "TestyAutoSzkolenie\TestyAutoSzkolenie.csproj", "{FC25F292-6830-41F4-A974-B22DA668E543}"
EndProject
Global
	GlobalSection(SolutionConfigurationPlatforms) = preSolution
		Debug|Any CPU = Debug|Any CPU
		Release|Any CPU = Release|Any CPU
	EndGlobalSection
	GlobalSection(ProjectConfigurationPlatforms) = postSolution
		{FC25F292-6830-41F4-A974-B22DA668E543}.Debug|Any CPU.ActiveCfg = Debug|Any CPU
		{FC25F292-6830-41F4-A974-B22DA668E543}.Debug|Any CPU.Build.0 = Debug|Any CPU
		{FC25F292-6830-41F4-A974-B22DA668E543}.Release|Any CPU.ActiveCfg = Release|Any CPU
		{FC25F292-6830-41F4-A974-B22DA668E543}.Release|Any CPU.Build.0 = Release|Any CPU
	EndGlobalSection
	GlobalSection(SolutionProperties) = preSolution
		HideSolutionNode = FALSE
	EndGlobalSection
	GlobalSection(ExtensibilityGlobals) = postSolution
		SolutionGuid = {1F55EF97-6092-423A-B486-ED2D7EAD06F7}
	EndGlobalSection
EndGlobal
